
Microsoft Visual Studio Solution File, Format Version 12.00
# Visual Studio 14
VisualStudioVersion = 14.0.23107.0
MinimumVisualStudioVersion = 10.0.40219.1
Project("{FAE04EC0-301F-11D3-BF4B-00C04F79EFBC}") = "ReviewApplication.API", "ReviewApplication.API\ReviewApplication.API.csproj", "{7A7C1F14-CF6D-452B-BB96-4EF0ED10FA85}"
EndProject
Project("{FAE04EC0-301F-11D3-BF4B-00C04F79EFBC}") = "ReviewApplication.Core", "ReviewApplication.Core\ReviewApplication.Core.csproj", "{DE29BAA0-5678-46C4-8A98-83699AB765D0}"
EndProject
Project("{FAE04EC0-301F-11D3-BF4B-00C04F79EFBC}") = "ReviewApplication.Data", "ReviewApplication.Data\ReviewApplication.Data.csproj", "{433B9074-529D-4FF3-9977-1EFE7B2F2488}"
EndProject
Global
	GlobalSection(SolutionConfigurationPlatforms) = preSolution
		Debug|Any CPU = Debug|Any CPU
		Release|Any CPU = Release|Any CPU
	EndGlobalSection
	GlobalSection(ProjectConfigurationPlatforms) = postSolution
		{7A7C1F14-CF6D-452B-BB96-4EF0ED10FA85}.Debug|Any CPU.ActiveCfg = Debug|Any CPU
		{7A7C1F14-CF6D-452B-BB96-4EF0ED10FA85}.Debug|Any CPU.Build.0 = Debug|Any CPU
		{7A7C1F14-CF6D-452B-BB96-4EF0ED10FA85}.Release|Any CPU.ActiveCfg = Release|Any CPU
		{7A7C1F14-CF6D-452B-BB96-4EF0ED10FA85}.Release|Any CPU.Build.0 = Release|Any CPU
		{DE29BAA0-5678-46C4-8A98-83699AB765D0}.Debug|Any CPU.ActiveCfg = Debug|Any CPU
		{DE29BAA0-5678-46C4-8A98-83699AB765D0}.Debug|Any CPU.Build.0 = Debug|Any CPU
		{DE29BAA0-5678-46C4-8A98-83699AB765D0}.Release|Any CPU.ActiveCfg = Release|Any CPU
		{DE29BAA0-5678-46C4-8A98-83699AB765D0}.Release|Any CPU.Build.0 = Release|Any CPU
		{433B9074-529D-4FF3-9977-1EFE7B2F2488}.Debug|Any CPU.ActiveCfg = Debug|Any CPU
		{433B9074-529D-4FF3-9977-1EFE7B2F2488}.Debug|Any CPU.Build.0 = Debug|Any CPU
		{433B9074-529D-4FF3-9977-1EFE7B2F2488}.Release|Any CPU.ActiveCfg = Release|Any CPU
		{433B9074-529D-4FF3-9977-1EFE7B2F2488}.Release|Any CPU.Build.0 = Release|Any CPU
	EndGlobalSection
	GlobalSection(SolutionProperties) = preSolution
		HideSolutionNode = FALSE
	EndGlobalSection
	GlobalSection(ExtensibilityGlobals) = postSolution
		EnterpriseLibraryConfigurationToolBinariesPathV6 = packages\EnterpriseLibrary.TransientFaultHandling.6.0.1304.0\lib\portable-net45+win+wp8;packages\EnterpriseLibrary.TransientFaultHandling.Data.6.0.1304.1\lib\NET45
	EndGlobalSection
EndGlobal
